// !$*UTF8*$!
{
	archiveVersion = 1;
	classes = {
	};
	objectVersion = 48;
	objects = {

/* Begin PBXBuildFile section */
		3D5E2B7220123AF700ACFB87 /* AppDelegate.swift in Sources */ = {isa = PBXBuildFile; fileRef = 3D5E2B7120123AF700ACFB87 /* AppDelegate.swift */; };
		3D5E2B7420123AF700ACFB87 /* Assets.xcassets in Resources */ = {isa = PBXBuildFile; fileRef = 3D5E2B7320123AF700ACFB87 /* Assets.xcassets */; };
		3D5E2B7720123AF700ACFB87 /* MainMenu.xib in Resources */ = {isa = PBXBuildFile; fileRef = 3D5E2B7520123AF700ACFB87 /* MainMenu.xib */; };
		3D5E2B812012488F00ACFB87 /* UnityScript.command in Resources */ = {isa = PBXBuildFile; fileRef = 3D5E2B802012488F00ACFB87 /* UnityScript.command */; };
		3D5E2B842016120500ACFB87 /* 256logo.png in Resources */ = {isa = PBXBuildFile; fileRef = 3D5E2B832016120500ACFB87 /* 256logo.png */; };
		3D5E2B862016120B00ACFB87 /* 512logo.png in Resources */ = {isa = PBXBuildFile; fileRef = 3D5E2B852016120B00ACFB87 /* 512logo.png */; };
		3D5E2B882016122500ACFB87 /* 128logo.png in Resources */ = {isa = PBXBuildFile; fileRef = 3D5E2B872016122500ACFB87 /* 128logo.png */; };
		3D5E2B8A2016123D00ACFB87 /* 64logo.png in Resources */ = {isa = PBXBuildFile; fileRef = 3D5E2B892016123D00ACFB87 /* 64logo.png */; };
		3D5E2B8C2016126F00ACFB87 /* 32logo.png in Resources */ = {isa = PBXBuildFile; fileRef = 3D5E2B8B2016126F00ACFB87 /* 32logo.png */; };
		3D5E2B8E2016128800ACFB87 /* 16logo.png in Resources */ = {isa = PBXBuildFile; fileRef = 3D5E2B8D2016128800ACFB87 /* 16logo.png */; };
/* End PBXBuildFile section */

/* Begin PBXFileReference section */
		3D5E2B6E20123AF700ACFB87 /* Double Unity.app */ = {isa = PBXFileReference; explicitFileType = wrapper.application; includeInIndex = 0; path = "Double Unity.app"; sourceTree = BUILT_PRODUCTS_DIR; };
		3D5E2B7120123AF700ACFB87 /* AppDelegate.swift */ = {isa = PBXFileReference; lastKnownFileType = sourcecode.swift; path = AppDelegate.swift; sourceTree = "<group>"; };
		3D5E2B7320123AF700ACFB87 /* Assets.xcassets */ = {isa = PBXFileReference; lastKnownFileType = folder.assetcatalog; path = Assets.xcassets; sourceTree = "<group>"; };
		3D5E2B7620123AF700ACFB87 /* Base */ = {isa = PBXFileReference; lastKnownFileType = file.xib; name = Base; path = Base.lproj/MainMenu.xib; sourceTree = "<group>"; };
		3D5E2B7820123AF700ACFB87 /* Info.plist */ = {isa = PBXFileReference; lastKnownFileType = text.plist.xml; path = Info.plist; sourceTree = "<group>"; };
		3D5E2B7920123AF700ACFB87 /* Double_Unity.entitlements */ = {isa = PBXFileReference; lastKnownFileType = text.plist.entitlements; path = Double_Unity.entitlements; sourceTree = "<group>"; };
		3D5E2B802012488F00ACFB87 /* UnityScript.command */ = {isa = PBXFileReference; lastKnownFileType = text.script.sh; path = UnityScript.command; sourceTree = "<group>"; };
		3D5E2B832016120500ACFB87 /* 256logo.png */ = {isa = PBXFileReference; lastKnownFileType = image.png; path = 256logo.png; sourceTree = "<group>"; };
		3D5E2B852016120B00ACFB87 /* 512logo.png */ = {isa = PBXFileReference; lastKnownFileType = image.png; path = 512logo.png; sourceTree = "<group>"; };
		3D5E2B872016122500ACFB87 /* 128logo.png */ = {isa = PBXFileReference; lastKnownFileType = image.png; path = 128logo.png; sourceTree = "<group>"; };
		3D5E2B892016123D00ACFB87 /* 64logo.png */ = {isa = PBXFileReference; lastKnownFileType = image.png; path = 64logo.png; sourceTree = "<group>"; };
		3D5E2B8B2016126F00ACFB87 /* 32logo.png */ = {isa = PBXFileReference; lastKnownFileType = image.png; path = 32logo.png; sourceTree = "<group>"; };
		3D5E2B8D2016128800ACFB87 /* 16logo.png */ = {isa = PBXFileReference; lastKnownFileType = image.png; path = 16logo.png; sourceTree = "<group>"; };
/* End PBXFileReference section */

/* Begin PBXFrameworksBuildPhase section */
		3D5E2B6B20123AF700ACFB87 /* Frameworks */ = {
			isa = PBXFrameworksBuildPhase;
			buildActionMask = 2147483647;
			files = (
			);
			runOnlyForDeploymentPostprocessing = 0;
		};
/* End PBXFrameworksBuildPhase section */

/* Begin PBXGroup section */
		3D5E2B6520123AF700ACFB87 = {
			isa = PBXGroup;
			children = (
				3D5E2B7020123AF700ACFB87 /* Double Unity */,
				3D5E2B6F20123AF700ACFB87 /* Products */,
			);
			sourceTree = "<group>";
		};
		3D5E2B6F20123AF700ACFB87 /* Products */ = {
			isa = PBXGroup;
			children = (
				3D5E2B6E20123AF700ACFB87 /* Double Unity.app */,
			);
			name = Products;
			sourceTree = "<group>";
		};
		3D5E2B7020123AF700ACFB87 /* Double Unity */ = {
			isa = PBXGroup;
			children = (
				3D5E2B82201611F900ACFB87 /* icons */,
				3D5E2B7120123AF700ACFB87 /* AppDelegate.swift */,
				3D5E2B802012488F00ACFB87 /* UnityScript.command */,
				3D5E2B7320123AF700ACFB87 /* Assets.xcassets */,
				3D5E2B7520123AF700ACFB87 /* MainMenu.xib */,
				3D5E2B7820123AF700ACFB87 /* Info.plist */,
				3D5E2B7920123AF700ACFB87 /* Double_Unity.entitlements */,
			);
			path = "Double Unity";
			sourceTree = "<group>";
		};
		3D5E2B82201611F900ACFB87 /* icons */ = {
			isa = PBXGroup;
			children = (
				3D5E2B8D2016128800ACFB87 /* 16logo.png */,
				3D5E2B8B2016126F00ACFB87 /* 32logo.png */,
				3D5E2B892016123D00ACFB87 /* 64logo.png */,
				3D5E2B872016122500ACFB87 /* 128logo.png */,
				3D5E2B832016120500ACFB87 /* 256logo.png */,
				3D5E2B852016120B00ACFB87 /* 512logo.png */,
			);
			path = icons;
			sourceTree = "<group>";
		};
/* End PBXGroup section */

/* Begin PBXNativeTarget section */
		3D5E2B6D20123AF700ACFB87 /* Double Unity */ = {
			isa = PBXNativeTarget;
			buildConfigurationList = 3D5E2B7C20123AF700ACFB87 /* Build configuration list for PBXNativeTarget "Double Unity" */;
			buildPhases = (
				3D5E2B6A20123AF700ACFB87 /* Sources */,
				3D5E2B6B20123AF700ACFB87 /* Frameworks */,
				3D5E2B6C20123AF700ACFB87 /* Resources */,
			);
			buildRules = (
			);
			dependencies = (
			);
			name = "Double Unity";
			productName = "Double Unity";
			productReference = 3D5E2B6E20123AF700ACFB87 /* Double Unity.app */;
			productType = "com.apple.product-type.application";
		};
/* End PBXNativeTarget section */

/* Begin PBXProject section */
		3D5E2B6620123AF700ACFB87 /* Project object */ = {
			isa = PBXProject;
			attributes = {
				LastSwiftUpdateCheck = 0920;
				LastUpgradeCheck = 0920;
				ORGANIZATIONNAME = "Владислав Хартанович";
				TargetAttributes = {
					3D5E2B6D20123AF700ACFB87 = {
						CreatedOnToolsVersion = 9.2;
						ProvisioningStyle = Automatic;
					};
				};
			};
			buildConfigurationList = 3D5E2B6920123AF700ACFB87 /* Build configuration list for PBXProject "Double Unity" */;
			compatibilityVersion = "Xcode 8.0";
			developmentRegion = en;
			hasScannedForEncodings = 0;
			knownRegions = (
				en,
				Base,
			);
			mainGroup = 3D5E2B6520123AF700ACFB87;
			productRefGroup = 3D5E2B6F20123AF700ACFB87 /* Products */;
			projectDirPath = "";
			projectRoot = "";
			targets = (
				3D5E2B6D20123AF700ACFB87 /* Double Unity */,
			);
		};
/* End PBXProject section */

/* Begin PBXResourcesBuildPhase section */
		3D5E2B6C20123AF700ACFB87 /* Resources */ = {
			isa = PBXResourcesBuildPhase;
			buildActionMask = 2147483647;
			files = (
				3D5E2B882016122500ACFB87 /* 128logo.png in Resources */,
				3D5E2B842016120500ACFB87 /* 256logo.png in Resources */,
				3D5E2B7420123AF700ACFB87 /* Assets.xcassets in Resources */,
				3D5E2B812012488F00ACFB87 /* UnityScript.command in Resources */,
				3D5E2B8E2016128800ACFB87 /* 16logo.png in Resources */,
				3D5E2B8C2016126F00ACFB87 /* 32logo.png in Resources */,
				3D5E2B862016120B00ACFB87 /* 512logo.png in Resources */,
				3D5E2B8A2016123D00ACFB87 /* 64logo.png in Resources */,
				3D5E2B7720123AF700ACFB87 /* MainMenu.xib in Resources */,
			);
			runOnlyForDeploymentPostprocessing = 0;
		};
/* End PBXResourcesBuildPhase section */

/* Begin PBXSourcesBuildPhase section */
		3D5E2B6A20123AF700ACFB87 /* Sources */ = {
			isa = PBXSourcesBuildPhase;
			buildActionMask = 2147483647;
			files = (
				3D5E2B7220123AF700ACFB87 /* AppDelegate.swift in Sources */,
			);
			runOnlyForDeploymentPostprocessing = 0;
		};
/* End PBXSourcesBuildPhase section */

/* Begin PBXVariantGroup section */
		3D5E2B7520123AF700ACFB87 /* MainMenu.xib */ = {
			isa = PBXVariantGroup;
			children = (
				3D5E2B7620123AF700ACFB87 /* Base */,
			);
			name = MainMenu.xib;
			sourceTree = "<group>";
		};
/* End PBXVariantGroup section */

/* Begin XCBuildConfiguration section */
		3D5E2B7A20123AF700ACFB87 /* Debug */ = {
			isa = XCBuildConfiguration;
			buildSettings = {
				ALWAYS_SEARCH_USER_PATHS = NO;
				CLANG_ANALYZER_NONNULL = YES;
				CLANG_ANALYZER_NUMBER_OBJECT_CONVERSION = YES_AGGRESSIVE;
				CLANG_CXX_LANGUAGE_STANDARD = "gnu++14";
				CLANG_CXX_LIBRARY = "libc++";
				CLANG_ENABLE_MODULES = YES;
				CLANG_ENABLE_OBJC_ARC = YES;
				CLANG_WARN_BLOCK_CAPTURE_AUTORELEASING = YES;
				CLANG_WARN_BOOL_CONVERSION = YES;
				CLANG_WARN_COMMA = YES;
				CLANG_WARN_CONSTANT_CONVERSION = YES;
				CLANG_WARN_DIRECT_OBJC_ISA_USAGE = YES_ERROR;
				CLANG_WARN_DOCUMENTATION_COMMENTS = YES;
				CLANG_WARN_EMPTY_BODY = YES;
				CLANG_WARN_ENUM_CONVERSION = YES;
				CLANG_WARN_INFINITE_RECURSION = YES;
				CLANG_WARN_INT_CONVERSION = YES;
				CLANG_WARN_NON_LITERAL_NULL_CONVERSION = YES;
				CLANG_WARN_OBJC_LITERAL_CONVERSION = YES;
				CLANG_WARN_OBJC_ROOT_CLASS = YES_ERROR;
				CLANG_WARN_RANGE_LOOP_ANALYSIS = YES;
				CLANG_WARN_STRICT_PROTOTYPES = YES;
				CLANG_WARN_SUSPICIOUS_MOVE = YES;
				CLANG_WARN_UNGUARDED_AVAILABILITY = YES_AGGRESSIVE;
				CLANG_WARN_UNREACHABLE_CODE = YES;
				CLANG_WARN__DUPLICATE_METHOD_MATCH = YES;
				CODE_SIGN_IDENTITY = "-";
				COPY_PHASE_STRIP = NO;
				DEBUG_INFORMATION_FORMAT = dwarf;
				ENABLE_STRICT_OBJC_MSGSEND = YES;
				ENABLE_TESTABILITY = YES;
				GCC_C_LANGUAGE_STANDARD = gnu11;
				GCC_DYNAMIC_NO_PIC = NO;
				GCC_NO_COMMON_BLOCKS = YES;
				GCC_OPTIMIZATION_LEVEL = 0;
				GCC_PREPROCESSOR_DEFINITIONS = (
					"DEBUG=1",
					"$(inherited)",
				);
				GCC_WARN_64_TO_32_BIT_CONVERSION = YES;
				GCC_WARN_ABOUT_RETURN_TYPE = YES_ERROR;
				GCC_WARN_UNDECLARED_SELECTOR = YES;
				GCC_WARN_UNINITIALIZED_AUTOS = YES_AGGRESSIVE;
				GCC_WARN_UNUSED_FUNCTION = YES;
				GCC_WARN_UNUSED_VARIABLE = YES;
				MACOSX_DEPLOYMENT_TARGET = 10.9;
				MTL_ENABLE_DEBUG_INFO = YES;
				ONLY_ACTIVE_ARCH = YES;
				SDKROOT = macosx;
				SWIFT_ACTIVE_COMPILATION_CONDITIONS = DEBUG;
				SWIFT_OPTIMIZATION_LEVEL = "-Onone";
			};
			name = Debug;
		};
		3D5E2B7B20123AF700ACFB87 /* Release */ = {
			isa = XCBuildConfiguration;
			buildSettings = {
				ALWAYS_SEARCH_USER_PATHS = NO;
				CLANG_ANALYZER_NONNULL = YES;
				CLANG_ANALYZER_NUMBER_OBJECT_CONVERSION = YES_AGGRESSIVE;
				CLANG_CXX_LANGUAGE_STANDARD = "gnu++14";
				CLANG_CXX_LIBRARY = "libc++";
				CLANG_ENABLE_MODULES = YES;
				CLANG_ENABLE_OBJC_ARC = YES;
				CLANG_WARN_BLOCK_CAPTURE_AUTORELEASING = YES;
				CLANG_WARN_BOOL_CONVERSION = YES;
				CLANG_WARN_COMMA = YES;
				CLANG_WARN_CONSTANT_CONVERSION = YES;
				CLANG_WARN_DIRECT_OBJC_ISA_USAGE = YES_ERROR;
				CLANG_WARN_DOCUMENTATION_COMMENTS = YES;
				CLANG_WARN_EMPTY_BODY = YES;
				CLANG_WARN_ENUM_CONVERSION = YES;
				CLANG_WARN_INFINITE_RECURSION = YES;
				CLANG_WARN_INT_CONVERSION = YES;
				CLANG_WARN_NON_LITERAL_NULL_CONVERSION = YES;
				CLANG_WARN_OBJC_LITERAL_CONVERSION = YES;
				CLANG_WARN_OBJC_ROOT_CLASS = YES_ERROR;
				CLANG_WARN_RANGE_LOOP_ANALYSIS = YES;
				CLANG_WARN_STRICT_PROTOTYPES = YES;
				CLANG_WARN_SUSPICIOUS_MOVE = YES;
				CLANG_WARN_UNGUARDED_AVAILABILITY = YES_AGGRESSIVE;
				CLANG_WARN_UNREACHABLE_CODE = YES;
				CLANG_WARN__DUPLICATE_METHOD_MATCH = YES;
				CODE_SIGN_IDENTITY = "-";
				COPY_PHASE_STRIP = NO;
				DEBUG_INFORMATION_FORMAT = "dwarf-with-dsym";
				ENABLE_NS_ASSERTIONS = NO;
				ENABLE_STRICT_OBJC_MSGSEND = YES;
				GCC_C_LANGUAGE_STANDARD = gnu11;
				GCC_NO_COMMON_BLOCKS = YES;
				GCC_WARN_64_TO_32_BIT_CONVERSION = YES;
				GCC_WARN_ABOUT_RETURN_TYPE = YES_ERROR;
				GCC_WARN_UNDECLARED_SELECTOR = YES;
				GCC_WARN_UNINITIALIZED_AUTOS = YES_AGGRESSIVE;
				GCC_WARN_UNUSED_FUNCTION = YES;
				GCC_WARN_UNUSED_VARIABLE = YES;
				MACOSX_DEPLOYMENT_TARGET = 10.9;
				MTL_ENABLE_DEBUG_INFO = NO;
				SDKROOT = macosx;
				SWIFT_OPTIMIZATION_LEVEL = "-Owholemodule";
			};
			name = Release;
		};
		3D5E2B7D20123AF700ACFB87 /* Debug */ = {
			isa = XCBuildConfiguration;
			buildSettings = {
				ASSETCATALOG_COMPILER_APPICON_NAME = AppIcon;
				CODE_SIGN_ENTITLEMENTS = "Double Unity/Double_Unity.entitlements";
				CODE_SIGN_STYLE = Automatic;
				COMBINE_HIDPI_IMAGES = YES;
				INFOPLIST_FILE = "Double Unity/Info.plist";
				LD_RUNPATH_SEARCH_PATHS = "$(inherited) @executable_path/../Frameworks";
				PRODUCT_BUNDLE_IDENTIFIER = com.vmchar.DoubleUnity;
				PRODUCT_NAME = "$(TARGET_NAME)";
				SWIFT_VERSION = 4.0;
			};
			name = Debug;
		};
		3D5E2B7E20123AF700ACFB87 /* Release */ = {
			isa = XCBuildConfiguration;
			buildSettings = {
				ASSETCATALOG_COMPILER_APPICON_NAME = AppIcon;
				CODE_SIGN_ENTITLEMENTS = "Double Unity/Double_Unity.entitlements";
				CODE_SIGN_STYLE = Automatic;
				COMBINE_HIDPI_IMAGES = YES;
				INFOPLIST_FILE = "Double Unity/Info.plist";
				LD_RUNPATH_SEARCH_PATHS = "$(inherited) @executable_path/../Frameworks";
				PRODUCT_BUNDLE_IDENTIFIER = com.vmchar.DoubleUnity;
				PRODUCT_NAME = "$(TARGET_NAME)";
				SWIFT_VERSION = 4.0;
			};
			name = Release;
		};
/* End XCBuildConfiguration section */

/* Begin XCConfigurationList section */
		3D5E2B6920123AF700ACFB87 /* Build configuration list for PBXProject "Double Unity" */ = {
			isa = XCConfigurationList;
			buildConfigurations = (
				3D5E2B7A20123AF700ACFB87 /* Debug */,
				3D5E2B7B20123AF700ACFB87 /* Release */,
			);
			defaultConfigurationIsVisible = 0;
			defaultConfigurationName = Release;
		};
		3D5E2B7C20123AF700ACFB87 /* Build configuration list for PBXNativeTarget "Double Unity" */ = {
			isa = XCConfigurationList;
			buildConfigurations = (
				3D5E2B7D20123AF700ACFB87 /* Debug */,
				3D5E2B7E20123AF700ACFB87 /* Release */,
			);
			defaultConfigurationIsVisible = 0;
			defaultConfigurationName = Release;
		};
/* End XCConfigurationList section */
	};
	rootObject = 3D5E2B6620123AF700ACFB87 /* Project object */;
}
